// !$*UTF8*$!
{
	archiveVersion = 1;
	classes = {
	};
	objectVersion = 56;
	objects = {

/* Begin PBXBuildFile section */
		04781C742981A95D00AE8DB1 /* Localizable.strings in Resources */ = {isa = PBXBuildFile; fileRef = 04781C762981A95D00AE8DB1 /* Localizable.strings */; };
		0485CD5B29804EC60037E50E /* AppDelegate.swift in Sources */ = {isa = PBXBuildFile; fileRef = 0485CD5A29804EC60037E50E /* AppDelegate.swift */; };
		0485CD5D29804EC60037E50E /* SceneDelegate.swift in Sources */ = {isa = PBXBuildFile; fileRef = 0485CD5C29804EC60037E50E /* SceneDelegate.swift */; };
		0485CD5F29804EC60037E50E /* ViewController.swift in Sources */ = {isa = PBXBuildFile; fileRef = 0485CD5E29804EC60037E50E /* ViewController.swift */; };
		0485CD6229804EC60037E50E /* Main.storyboard in Resources */ = {isa = PBXBuildFile; fileRef = 0485CD6029804EC60037E50E /* Main.storyboard */; };
		0485CD6429804EC90037E50E /* Assets.xcassets in Resources */ = {isa = PBXBuildFile; fileRef = 0485CD6329804EC90037E50E /* Assets.xcassets */; };
		0485CD6729804EC90037E50E /* LaunchScreen.storyboard in Resources */ = {isa = PBXBuildFile; fileRef = 0485CD6529804EC90037E50E /* LaunchScreen.storyboard */; };
		0485CD7229804EC90037E50E /* module12Tests.swift in Sources */ = {isa = PBXBuildFile; fileRef = 0485CD7129804EC90037E50E /* module12Tests.swift */; };
		0485CD7C29804EC90037E50E /* module12UITests.swift in Sources */ = {isa = PBXBuildFile; fileRef = 0485CD7B29804EC90037E50E /* module12UITests.swift */; };
		0485CD7E29804EC90037E50E /* module12UITestsLaunchTests.swift in Sources */ = {isa = PBXBuildFile; fileRef = 0485CD7D29804EC90037E50E /* module12UITestsLaunchTests.swift */; };
		0485CD8B298050C80037E50E /* Colors.xcassets in Resources */ = {isa = PBXBuildFile; fileRef = 0485CD8A298050C80037E50E /* Colors.xcassets */; };
		0485CD8D298053AC0037E50E /* Constants.swift in Sources */ = {isa = PBXBuildFile; fileRef = 0485CD8C298053AC0037E50E /* Constants.swift */; };
/* End PBXBuildFile section */

/* Begin PBXContainerItemProxy section */
		0485CD6E29804EC90037E50E /* PBXContainerItemProxy */ = {
			isa = PBXContainerItemProxy;
			containerPortal = 0485CD4F29804EC60037E50E /* Project object */;
			proxyType = 1;
			remoteGlobalIDString = 0485CD5629804EC60037E50E;
			remoteInfo = module12;
		};
		0485CD7829804EC90037E50E /* PBXContainerItemProxy */ = {
			isa = PBXContainerItemProxy;
			containerPortal = 0485CD4F29804EC60037E50E /* Project object */;
			proxyType = 1;
			remoteGlobalIDString = 0485CD5629804EC60037E50E;
			remoteInfo = module12;
		};
/* End PBXContainerItemProxy section */

/* Begin PBXFileReference section */
		04781C702981A91F00AE8DB1 /* ru */ = {isa = PBXFileReference; lastKnownFileType = text.plist.strings; name = ru; path = ru.lproj/Main.strings; sourceTree = "<group>"; };
		04781C712981A92000AE8DB1 /* ru */ = {isa = PBXFileReference; lastKnownFileType = text.plist.strings; name = ru; path = ru.lproj/LaunchScreen.strings; sourceTree = "<group>"; };
		04781C752981A95D00AE8DB1 /* ru */ = {isa = PBXFileReference; lastKnownFileType = text.plist.strings; name = ru; path = ru.lproj/Localizable.strings; sourceTree = "<group>"; };
		04781C772981A95E00AE8DB1 /* en */ = {isa = PBXFileReference; lastKnownFileType = text.plist.strings; name = en; path = en.lproj/Localizable.strings; sourceTree = "<group>"; };
		0485CD5729804EC60037E50E /* module12.app */ = {isa = PBXFileReference; explicitFileType = wrapper.application; includeInIndex = 0; path = module12.app; sourceTree = BUILT_PRODUCTS_DIR; };
		0485CD5A29804EC60037E50E /* AppDelegate.swift */ = {isa = PBXFileReference; lastKnownFileType = sourcecode.swift; path = AppDelegate.swift; sourceTree = "<group>"; };
		0485CD5C29804EC60037E50E /* SceneDelegate.swift */ = {isa = PBXFileReference; lastKnownFileType = sourcecode.swift; path = SceneDelegate.swift; sourceTree = "<group>"; };
		0485CD5E29804EC60037E50E /* ViewController.swift */ = {isa = PBXFileReference; lastKnownFileType = sourcecode.swift; path = ViewController.swift; sourceTree = "<group>"; };
		0485CD6129804EC60037E50E /* Base */ = {isa = PBXFileReference; lastKnownFileType = file.storyboard; name = Base; path = Base.lproj/Main.storyboard; sourceTree = "<group>"; };
		0485CD6329804EC90037E50E /* Assets.xcassets */ = {isa = PBXFileReference; lastKnownFileType = folder.assetcatalog; path = Assets.xcassets; sourceTree = "<group>"; };
		0485CD6629804EC90037E50E /* Base */ = {isa = PBXFileReference; lastKnownFileType = file.storyboard; name = Base; path = Base.lproj/LaunchScreen.storyboard; sourceTree = "<group>"; };
		0485CD6829804EC90037E50E /* Info.plist */ = {isa = PBXFileReference; lastKnownFileType = text.plist.xml; path = Info.plist; sourceTree = "<group>"; };
		0485CD6D29804EC90037E50E /* module12Tests.xctest */ = {isa = PBXFileReference; explicitFileType = wrapper.cfbundle; includeInIndex = 0; path = module12Tests.xctest; sourceTree = BUILT_PRODUCTS_DIR; };
		0485CD7129804EC90037E50E /* module12Tests.swift */ = {isa = PBXFileReference; lastKnownFileType = sourcecode.swift; path = module12Tests.swift; sourceTree = "<group>"; };
		0485CD7729804EC90037E50E /* module12UITests.xctest */ = {isa = PBXFileReference; explicitFileType = wrapper.cfbundle; includeInIndex = 0; path = module12UITests.xctest; sourceTree = BUILT_PRODUCTS_DIR; };
		0485CD7B29804EC90037E50E /* module12UITests.swift */ = {isa = PBXFileReference; lastKnownFileType = sourcecode.swift; path = module12UITests.swift; sourceTree = "<group>"; };
		0485CD7D29804EC90037E50E /* module12UITestsLaunchTests.swift */ = {isa = PBXFileReference; lastKnownFileType = sourcecode.swift; path = module12UITestsLaunchTests.swift; sourceTree = "<group>"; };
		0485CD8A298050C80037E50E /* Colors.xcassets */ = {isa = PBXFileReference; lastKnownFileType = folder.assetcatalog; path = Colors.xcassets; sourceTree = "<group>"; };
		0485CD8C298053AC0037E50E /* Constants.swift */ = {isa = PBXFileReference; lastKnownFileType = sourcecode.swift; path = Constants.swift; sourceTree = "<group>"; };
/* End PBXFileReference section */

/* Begin PBXFrameworksBuildPhase section */
		0485CD5429804EC60037E50E /* Frameworks */ = {
			isa = PBXFrameworksBuildPhase;
			buildActionMask = 2147483647;
			files = (
			);
			runOnlyForDeploymentPostprocessing = 0;
		};
		0485CD6A29804EC90037E50E /* Frameworks */ = {
			isa = PBXFrameworksBuildPhase;
			buildActionMask = 2147483647;
			files = (
			);
			runOnlyForDeploymentPostprocessing = 0;
		};
		0485CD7429804EC90037E50E /* Frameworks */ = {
			isa = PBXFrameworksBuildPhase;
			buildActionMask = 2147483647;
			files = (
			);
			runOnlyForDeploymentPostprocessing = 0;
		};
/* End PBXFrameworksBuildPhase section */

/* Begin PBXGroup section */
		0485CD4E29804EC60037E50E = {
			isa = PBXGroup;
			children = (
				0485CD5929804EC60037E50E /* module12 */,
				0485CD7029804EC90037E50E /* module12Tests */,
				0485CD7A29804EC90037E50E /* module12UITests */,
				0485CD5829804EC60037E50E /* Products */,
			);
			sourceTree = "<group>";
		};
		0485CD5829804EC60037E50E /* Products */ = {
			isa = PBXGroup;
			children = (
				0485CD5729804EC60037E50E /* module12.app */,
				0485CD6D29804EC90037E50E /* module12Tests.xctest */,
				0485CD7729804EC90037E50E /* module12UITests.xctest */,
			);
			name = Products;
			sourceTree = "<group>";
		};
		0485CD5929804EC60037E50E /* module12 */ = {
			isa = PBXGroup;
			children = (
				0485CD5A29804EC60037E50E /* AppDelegate.swift */,
				0485CD5C29804EC60037E50E /* SceneDelegate.swift */,
				0485CD8C298053AC0037E50E /* Constants.swift */,
				0485CD5E29804EC60037E50E /* ViewController.swift */,
				04781C762981A95D00AE8DB1 /* Localizable.strings */,
				0485CD6029804EC60037E50E /* Main.storyboard */,
				0485CD6329804EC90037E50E /* Assets.xcassets */,
				0485CD6529804EC90037E50E /* LaunchScreen.storyboard */,
				0485CD8A298050C80037E50E /* Colors.xcassets */,
				0485CD6829804EC90037E50E /* Info.plist */,
			);
			path = module12;
			sourceTree = "<group>";
		};
		0485CD7029804EC90037E50E /* module12Tests */ = {
			isa = PBXGroup;
			children = (
				0485CD7129804EC90037E50E /* module12Tests.swift */,
			);
			path = module12Tests;
			sourceTree = "<group>";
		};
		0485CD7A29804EC90037E50E /* module12UITests */ = {
			isa = PBXGroup;
			children = (
				0485CD7B29804EC90037E50E /* module12UITests.swift */,
				0485CD7D29804EC90037E50E /* module12UITestsLaunchTests.swift */,
			);
			path = module12UITests;
			sourceTree = "<group>";
		};
/* End PBXGroup section */

/* Begin PBXNativeTarget section */
		0485CD5629804EC60037E50E /* module12 */ = {
			isa = PBXNativeTarget;
			buildConfigurationList = 0485CD8129804EC90037E50E /* Build configuration list for PBXNativeTarget "module12" */;
			buildPhases = (
				0485CD5329804EC60037E50E /* Sources */,
				0485CD5429804EC60037E50E /* Frameworks */,
				0485CD5529804EC60037E50E /* Resources */,
			);
			buildRules = (
			);
			dependencies = (
			);
			name = module12;
			productName = module12;
			productReference = 0485CD5729804EC60037E50E /* module12.app */;
			productType = "com.apple.product-type.application";
		};
		0485CD6C29804EC90037E50E /* module12Tests */ = {
			isa = PBXNativeTarget;
			buildConfigurationList = 0485CD8429804EC90037E50E /* Build configuration list for PBXNativeTarget "module12Tests" */;
			buildPhases = (
				0485CD6929804EC90037E50E /* Sources */,
				0485CD6A29804EC90037E50E /* Frameworks */,
				0485CD6B29804EC90037E50E /* Resources */,
			);
			buildRules = (
			);
			dependencies = (
				0485CD6F29804EC90037E50E /* PBXTargetDependency */,
			);
			name = module12Tests;
			productName = module12Tests;
			productReference = 0485CD6D29804EC90037E50E /* module12Tests.xctest */;
			productType = "com.apple.product-type.bundle.unit-test";
		};
		0485CD7629804EC90037E50E /* module12UITests */ = {
			isa = PBXNativeTarget;
			buildConfigurationList = 0485CD8729804EC90037E50E /* Build configuration list for PBXNativeTarget "module12UITests" */;
			buildPhases = (
				0485CD7329804EC90037E50E /* Sources */,
				0485CD7429804EC90037E50E /* Frameworks */,
				0485CD7529804EC90037E50E /* Resources */,
			);
			buildRules = (
			);
			dependencies = (
				0485CD7929804EC90037E50E /* PBXTargetDependency */,
			);
			name = module12UITests;
			productName = module12UITests;
			productReference = 0485CD7729804EC90037E50E /* module12UITests.xctest */;
			productType = "com.apple.product-type.bundle.ui-testing";
		};
/* End PBXNativeTarget section */

/* Begin PBXProject section */
		0485CD4F29804EC60037E50E /* Project object */ = {
			isa = PBXProject;
			attributes = {
				BuildIndependentTargetsInParallel = 1;
				LastSwiftUpdateCheck = 1420;
				LastUpgradeCheck = 1420;
				TargetAttributes = {
					0485CD5629804EC60037E50E = {
						CreatedOnToolsVersion = 14.2;
					};
					0485CD6C29804EC90037E50E = {
						CreatedOnToolsVersion = 14.2;
						TestTargetID = 0485CD5629804EC60037E50E;
					};
					0485CD7629804EC90037E50E = {
						CreatedOnToolsVersion = 14.2;
						TestTargetID = 0485CD5629804EC60037E50E;
					};
				};
			};
			buildConfigurationList = 0485CD5229804EC60037E50E /* Build configuration list for PBXProject "module12" */;
			compatibilityVersion = "Xcode 14.0";
			developmentRegion = en;
			hasScannedForEncodings = 0;
			knownRegions = (
				en,
				Base,
				ru,
			);
			mainGroup = 0485CD4E29804EC60037E50E;
			productRefGroup = 0485CD5829804EC60037E50E /* Products */;
			projectDirPath = "";
			projectRoot = "";
			targets = (
				0485CD5629804EC60037E50E /* module12 */,
				0485CD6C29804EC90037E50E /* module12Tests */,
				0485CD7629804EC90037E50E /* module12UITests */,
			);
		};
/* End PBXProject section */

/* Begin PBXResourcesBuildPhase section */
		0485CD5529804EC60037E50E /* Resources */ = {
			isa = PBXResourcesBuildPhase;
			buildActionMask = 2147483647;
			files = (
				04781C742981A95D00AE8DB1 /* Localizable.strings in Resources */,
				0485CD6729804EC90037E50E /* LaunchScreen.storyboard in Resources */,
				0485CD8B298050C80037E50E /* Colors.xcassets in Resources */,
				0485CD6429804EC90037E50E /* Assets.xcassets in Resources */,
				0485CD6229804EC60037E50E /* Main.storyboard in Resources */,
			);
			runOnlyForDeploymentPostprocessing = 0;
		};
		0485CD6B29804EC90037E50E /* Resources */ = {
			isa = PBXResourcesBuildPhase;
			buildActionMask = 2147483647;
			files = (
			);
			runOnlyForDeploymentPostprocessing = 0;
		};
		0485CD7529804EC90037E50E /* Resources */ = {
			isa = PBXResourcesBuildPhase;
			buildActionMask = 2147483647;
			files = (
			);
			runOnlyForDeploymentPostprocessing = 0;
		};
/* End PBXResourcesBuildPhase section */

/* Begin PBXSourcesBuildPhase section */
		0485CD5329804EC60037E50E /* Sources */ = {
			isa = PBXSourcesBuildPhase;
			buildActionMask = 2147483647;
			files = (
				0485CD5F29804EC60037E50E /* ViewController.swift in Sources */,
				0485CD5B29804EC60037E50E /* AppDelegate.swift in Sources */,
				0485CD5D29804EC60037E50E /* SceneDelegate.swift in Sources */,
				0485CD8D298053AC0037E50E /* Constants.swift in Sources */,
			);
			runOnlyForDeploymentPostprocessing = 0;
		};
		0485CD6929804EC90037E50E /* Sources */ = {
			isa = PBXSourcesBuildPhase;
			buildActionMask = 2147483647;
			files = (
				0485CD7229804EC90037E50E /* module12Tests.swift in Sources */,
			);
			runOnlyForDeploymentPostprocessing = 0;
		};
		0485CD7329804EC90037E50E /* Sources */ = {
			isa = PBXSourcesBuildPhase;
			buildActionMask = 2147483647;
			files = (
				0485CD7E29804EC90037E50E /* module12UITestsLaunchTests.swift in Sources */,
				0485CD7C29804EC90037E50E /* module12UITests.swift in Sources */,
			);
			runOnlyForDeploymentPostprocessing = 0;
		};
/* End PBXSourcesBuildPhase section */

/* Begin PBXTargetDependency section */
		0485CD6F29804EC90037E50E /* PBXTargetDependency */ = {
			isa = PBXTargetDependency;
			target = 0485CD5629804EC60037E50E /* module12 */;
			targetProxy = 0485CD6E29804EC90037E50E /* PBXContainerItemProxy */;
		};
		0485CD7929804EC90037E50E /* PBXTargetDependency */ = {
			isa = PBXTargetDependency;
			target = 0485CD5629804EC60037E50E /* module12 */;
			targetProxy = 0485CD7829804EC90037E50E /* PBXContainerItemProxy */;
		};
/* End PBXTargetDependency section */

/* Begin PBXVariantGroup section */
		04781C762981A95D00AE8DB1 /* Localizable.strings */ = {
			isa = PBXVariantGroup;
			children = (
				04781C752981A95D00AE8DB1 /* ru */,
				04781C772981A95E00AE8DB1 /* en */,
			);
			name = Localizable.strings;
			sourceTree = "<group>";
		};
		0485CD6029804EC60037E50E /* Main.storyboard */ = {
			isa = PBXVariantGroup;
			children = (
				0485CD6129804EC60037E50E /* Base */,
				04781C702981A91F00AE8DB1 /* ru */,
			);
			name = Main.storyboard;
			sourceTree = "<group>";
		};
		0485CD6529804EC90037E50E /* LaunchScreen.storyboard */ = {
			isa = PBXVariantGroup;
			children = (
				0485CD6629804EC90037E50E /* Base */,
				04781C712981A92000AE8DB1 /* ru */,
			);
			name = LaunchScreen.storyboard;
			sourceTree = "<group>";
		};
/* End PBXVariantGroup section */

/* Begin XCBuildConfiguration section */
		0485CD7F29804EC90037E50E /* Debug */ = {
			isa = XCBuildConfiguration;
			buildSettings = {
				ALWAYS_SEARCH_USER_PATHS = NO;
				CLANG_ANALYZER_LOCALIZABILITY_NONLOCALIZED = YES;
				CLANG_ANALYZER_NONNULL = YES;
				CLANG_ANALYZER_NUMBER_OBJECT_CONVERSION = YES_AGGRESSIVE;
				CLANG_CXX_LANGUAGE_STANDARD = "gnu++20";
				CLANG_ENABLE_MODULES = YES;
				CLANG_ENABLE_OBJC_ARC = YES;
				CLANG_ENABLE_OBJC_WEAK = YES;
				CLANG_WARN_BLOCK_CAPTURE_AUTORELEASING = YES;
				CLANG_WARN_BOOL_CONVERSION = YES;
				CLANG_WARN_COMMA = YES;
				CLANG_WARN_CONSTANT_CONVERSION = YES;
				CLANG_WARN_DEPRECATED_OBJC_IMPLEMENTATIONS = YES;
				CLANG_WARN_DIRECT_OBJC_ISA_USAGE = YES_ERROR;
				CLANG_WARN_DOCUMENTATION_COMMENTS = YES;
				CLANG_WARN_EMPTY_BODY = YES;
				CLANG_WARN_ENUM_CONVERSION = YES;
				CLANG_WARN_INFINITE_RECURSION = YES;
				CLANG_WARN_INT_CONVERSION = YES;
				CLANG_WARN_NON_LITERAL_NULL_CONVERSION = YES;
				CLANG_WARN_OBJC_IMPLICIT_RETAIN_SELF = YES;
				CLANG_WARN_OBJC_LITERAL_CONVERSION = YES;
				CLANG_WARN_OBJC_ROOT_CLASS = YES_ERROR;
				CLANG_WARN_QUOTED_INCLUDE_IN_FRAMEWORK_HEADER = YES;
				CLANG_WARN_RANGE_LOOP_ANALYSIS = YES;
				CLANG_WARN_STRICT_PROTOTYPES = YES;
				CLANG_WARN_SUSPICIOUS_MOVE = YES;
				CLANG_WARN_UNGUARDED_AVAILABILITY = YES_AGGRESSIVE;
				CLANG_WARN_UNREACHABLE_CODE = YES;
				CLANG_WARN__DUPLICATE_METHOD_MATCH = YES;
				COPY_PHASE_STRIP = NO;
				DEBUG_INFORMATION_FORMAT = dwarf;
				ENABLE_STRICT_OBJC_MSGSEND = YES;
				ENABLE_TESTABILITY = YES;
				GCC_C_LANGUAGE_STANDARD = gnu11;
				GCC_DYNAMIC_NO_PIC = NO;
				GCC_NO_COMMON_BLOCKS = YES;
				GCC_OPTIMIZATION_LEVEL = 0;
				GCC_PREPROCESSOR_DEFINITIONS = (
					"DEBUG=1",
					"$(inherited)",
				);
				GCC_WARN_64_TO_32_BIT_CONVERSION = YES;
				GCC_WARN_ABOUT_RETURN_TYPE = YES_ERROR;
				GCC_WARN_UNDECLARED_SELECTOR = YES;
				GCC_WARN_UNINITIALIZED_AUTOS = YES_AGGRESSIVE;
				GCC_WARN_UNUSED_FUNCTION = YES;
				GCC_WARN_UNUSED_VARIABLE = YES;
				IPHONEOS_DEPLOYMENT_TARGET = 16.2;
				MTL_ENABLE_DEBUG_INFO = INCLUDE_SOURCE;
				MTL_FAST_MATH = YES;
				ONLY_ACTIVE_ARCH = YES;
				SDKROOT = iphoneos;
				SWIFT_ACTIVE_COMPILATION_CONDITIONS = DEBUG;
				SWIFT_OPTIMIZATION_LEVEL = "-Onone";
			};
			name = Debug;
		};
		0485CD8029804EC90037E50E /* Release */ = {
			isa = XCBuildConfiguration;
			buildSettings = {
				ALWAYS_SEARCH_USER_PATHS = NO;
				CLANG_ANALYZER_LOCALIZABILITY_NONLOCALIZED = YES;
				CLANG_ANALYZER_NONNULL = YES;
				CLANG_ANALYZER_NUMBER_OBJECT_CONVERSION = YES_AGGRESSIVE;
				CLANG_CXX_LANGUAGE_STANDARD = "gnu++20";
				CLANG_ENABLE_MODULES = YES;
				CLANG_ENABLE_OBJC_ARC = YES;
				CLANG_ENABLE_OBJC_WEAK = YES;
				CLANG_WARN_BLOCK_CAPTURE_AUTORELEASING = YES;
				CLANG_WARN_BOOL_CONVERSION = YES;
				CLANG_WARN_COMMA = YES;
				CLANG_WARN_CONSTANT_CONVERSION = YES;
				CLANG_WARN_DEPRECATED_OBJC_IMPLEMENTATIONS = YES;
				CLANG_WARN_DIRECT_OBJC_ISA_USAGE = YES_ERROR;
				CLANG_WARN_DOCUMENTATION_COMMENTS = YES;
				CLANG_WARN_EMPTY_BODY = YES;
				CLANG_WARN_ENUM_CONVERSION = YES;
				CLANG_WARN_INFINITE_RECURSION = YES;
				CLANG_WARN_INT_CONVERSION = YES;
				CLANG_WARN_NON_LITERAL_NULL_CONVERSION = YES;
				CLANG_WARN_OBJC_IMPLICIT_RETAIN_SELF = YES;
				CLANG_WARN_OBJC_LITERAL_CONVERSION = YES;
				CLANG_WARN_OBJC_ROOT_CLASS = YES_ERROR;
				CLANG_WARN_QUOTED_INCLUDE_IN_FRAMEWORK_HEADER = YES;
				CLANG_WARN_RANGE_LOOP_ANALYSIS = YES;
				CLANG_WARN_STRICT_PROTOTYPES = YES;
				CLANG_WARN_SUSPICIOUS_MOVE = YES;
				CLANG_WARN_UNGUARDED_AVAILABILITY = YES_AGGRESSIVE;
				CLANG_WARN_UNREACHABLE_CODE = YES;
				CLANG_WARN__DUPLICATE_METHOD_MATCH = YES;
				COPY_PHASE_STRIP = NO;
				DEBUG_INFORMATION_FORMAT = "dwarf-with-dsym";
				ENABLE_NS_ASSERTIONS = NO;
				ENABLE_STRICT_OBJC_MSGSEND = YES;
				GCC_C_LANGUAGE_STANDARD = gnu11;
				GCC_NO_COMMON_BLOCKS = YES;
				GCC_WARN_64_TO_32_BIT_CONVERSION = YES;
				GCC_WARN_ABOUT_RETURN_TYPE = YES_ERROR;
				GCC_WARN_UNDECLARED_SELECTOR = YES;
				GCC_WARN_UNINITIALIZED_AUTOS = YES_AGGRESSIVE;
				GCC_WARN_UNUSED_FUNCTION = YES;
				GCC_WARN_UNUSED_VARIABLE = YES;
				IPHONEOS_DEPLOYMENT_TARGET = 16.2;
				MTL_ENABLE_DEBUG_INFO = NO;
				MTL_FAST_MATH = YES;
				SDKROOT = iphoneos;
				SWIFT_COMPILATION_MODE = wholemodule;
				SWIFT_OPTIMIZATION_LEVEL = "-O";
				VALIDATE_PRODUCT = YES;
			};
			name = Release;
		};
		0485CD8229804EC90037E50E /* Debug */ = {
			isa = XCBuildConfiguration;
			buildSettings = {
				ASSETCATALOG_COMPILER_APPICON_NAME = AppIcon;
				ASSETCATALOG_COMPILER_GLOBAL_ACCENT_COLOR_NAME = AccentColor;
				CODE_SIGN_STYLE = Automatic;
				CURRENT_PROJECT_VERSION = 1;
				DEVELOPMENT_TEAM = 45J4JD7YR7;
				GENERATE_INFOPLIST_FILE = YES;
				INFOPLIST_FILE = module12/Info.plist;
				INFOPLIST_KEY_UIApplicationSupportsIndirectInputEvents = YES;
				INFOPLIST_KEY_UILaunchStoryboardName = LaunchScreen;
				INFOPLIST_KEY_UIMainStoryboardFile = Main;
				INFOPLIST_KEY_UISupportedInterfaceOrientations_iPad = "UIInterfaceOrientationPortrait UIInterfaceOrientationPortraitUpsideDown UIInterfaceOrientationLandscapeLeft UIInterfaceOrientationLandscapeRight";
				INFOPLIST_KEY_UISupportedInterfaceOrientations_iPhone = "UIInterfaceOrientationPortrait UIInterfaceOrientationLandscapeLeft UIInterfaceOrientationLandscapeRight";
				LD_RUNPATH_SEARCH_PATHS = (
					"$(inherited)",
					"@executable_path/Frameworks",
				);
				MARKETING_VERSION = 1.0;
				PRODUCT_BUNDLE_IDENTIFIER = testproject.module12;
				PRODUCT_NAME = "$(TARGET_NAME)";
				SWIFT_EMIT_LOC_STRINGS = YES;
				SWIFT_VERSION = 5.0;
				TARGETED_DEVICE_FAMILY = "1,2";
			};
			name = Debug;
		};
		0485CD8329804EC90037E50E /* Release */ = {
			isa = XCBuildConfiguration;
			buildSettings = {
				ASSETCATALOG_COMPILER_APPICON_NAME = AppIcon;
				ASSETCATALOG_COMPILER_GLOBAL_ACCENT_COLOR_NAME = AccentColor;
				CODE_SIGN_STYLE = Automatic;
				CURRENT_PROJECT_VERSION = 1;
				DEVELOPMENT_TEAM = 45J4JD7YR7;
				GENERATE_INFOPLIST_FILE = YES;
				INFOPLIST_FILE = module12/Info.plist;
				INFOPLIST_KEY_UIApplicationSupportsIndirectInputEvents = YES;
				INFOPLIST_KEY_UILaunchStoryboardName = LaunchScreen;
				INFOPLIST_KEY_UIMainStoryboardFile = Main;
				INFOPLIST_KEY_UISupportedInterfaceOrientations_iPad = "UIInterfaceOrientationPortrait UIInterfaceOrientationPortraitUpsideDown UIInterfaceOrientationLandscapeLeft UIInterfaceOrientationLandscapeRight";
				INFOPLIST_KEY_UISupportedInterfaceOrientations_iPhone = "UIInterfaceOrientationPortrait UIInterfaceOrientationLandscapeLeft UIInterfaceOrientationLandscapeRight";
				LD_RUNPATH_SEARCH_PATHS = (
					"$(inherited)",
					"@executable_path/Frameworks",
				);
				MARKETING_VERSION = 1.0;
				PRODUCT_BUNDLE_IDENTIFIER = testproject.module12;
				PRODUCT_NAME = "$(TARGET_NAME)";
				SWIFT_EMIT_LOC_STRINGS = YES;
				SWIFT_VERSION = 5.0;
				TARGETED_DEVICE_FAMILY = "1,2";
			};
			name = Release;
		};
		0485CD8529804EC90037E50E /* Debug */ = {
			isa = XCBuildConfiguration;
			buildSettings = {
				ALWAYS_EMBED_SWIFT_STANDARD_LIBRARIES = YES;
				BUNDLE_LOADER = "$(TEST_HOST)";
				CODE_SIGN_STYLE = Automatic;
				CURRENT_PROJECT_VERSION = 1;
				DEVELOPMENT_TEAM = 45J4JD7YR7;
				GENERATE_INFOPLIST_FILE = YES;
				IPHONEOS_DEPLOYMENT_TARGET = 16.2;
				MARKETING_VERSION = 1.0;
				PRODUCT_BUNDLE_IDENTIFIER = testproject.module12Tests;
				PRODUCT_NAME = "$(TARGET_NAME)";
				SWIFT_EMIT_LOC_STRINGS = NO;
				SWIFT_VERSION = 5.0;
				TARGETED_DEVICE_FAMILY = "1,2";
				TEST_HOST = "$(BUILT_PRODUCTS_DIR)/module12.app/$(BUNDLE_EXECUTABLE_FOLDER_PATH)/module12";
			};
			name = Debug;
		};
		0485CD8629804EC90037E50E /* Release */ = {
			isa = XCBuildConfiguration;
			buildSettings = {
				ALWAYS_EMBED_SWIFT_STANDARD_LIBRARIES = YES;
				BUNDLE_LOADER = "$(TEST_HOST)";
				CODE_SIGN_STYLE = Automatic;
				CURRENT_PROJECT_VERSION = 1;
				DEVELOPMENT_TEAM = 45J4JD7YR7;
				GENERATE_INFOPLIST_FILE = YES;
				IPHONEOS_DEPLOYMENT_TARGET = 16.2;
				MARKETING_VERSION = 1.0;
				PRODUCT_BUNDLE_IDENTIFIER = testproject.module12Tests;
				PRODUCT_NAME = "$(TARGET_NAME)";
				SWIFT_EMIT_LOC_STRINGS = NO;
				SWIFT_VERSION = 5.0;
				TARGETED_DEVICE_FAMILY = "1,2";
				TEST_HOST = "$(BUILT_PRODUCTS_DIR)/module12.app/$(BUNDLE_EXECUTABLE_FOLDER_PATH)/module12";
			};
			name = Release;
		};
		0485CD8829804EC90037E50E /* Debug */ = {
			isa = XCBuildConfiguration;
			buildSettings = {
				ALWAYS_EMBED_SWIFT_STANDARD_LIBRARIES = YES;
				CODE_SIGN_STYLE = Automatic;
				CURRENT_PROJECT_VERSION = 1;
				DEVELOPMENT_TEAM = 45J4JD7YR7;
				GENERATE_INFOPLIST_FILE = YES;
				MARKETING_VERSION = 1.0;
				PRODUCT_BUNDLE_IDENTIFIER = testproject.module12UITests;
				PRODUCT_NAME = "$(TARGET_NAME)";
				SWIFT_EMIT_LOC_STRINGS = NO;
				SWIFT_VERSION = 5.0;
				TARGETED_DEVICE_FAMILY = "1,2";
				TEST_TARGET_NAME = module12;
			};
			name = Debug;
		};
		0485CD8929804EC90037E50E /* Release */ = {
			isa = XCBuildConfiguration;
			buildSettings = {
				ALWAYS_EMBED_SWIFT_STANDARD_LIBRARIES = YES;
				CODE_SIGN_STYLE = Automatic;
				CURRENT_PROJECT_VERSION = 1;
				DEVELOPMENT_TEAM = 45J4JD7YR7;
				GENERATE_INFOPLIST_FILE = YES;
				MARKETING_VERSION = 1.0;
				PRODUCT_BUNDLE_IDENTIFIER = testproject.module12UITests;
				PRODUCT_NAME = "$(TARGET_NAME)";
				SWIFT_EMIT_LOC_STRINGS = NO;
				SWIFT_VERSION = 5.0;
				TARGETED_DEVICE_FAMILY = "1,2";
				TEST_TARGET_NAME = module12;
			};
			name = Release;
		};
/* End XCBuildConfiguration section */

/* Begin XCConfigurationList section */
		0485CD5229804EC60037E50E /* Build configuration list for PBXProject "module12" */ = {
			isa = XCConfigurationList;
			buildConfigurations = (
				0485CD7F29804EC90037E50E /* Debug */,
				0485CD8029804EC90037E50E /* Release */,
			);
			defaultConfigurationIsVisible = 0;
			defaultConfigurationName = Release;
		};
		0485CD8129804EC90037E50E /* Build configuration list for PBXNativeTarget "module12" */ = {
			isa = XCConfigurationList;
			buildConfigurations = (
				0485CD8229804EC90037E50E /* Debug */,
				0485CD8329804EC90037E50E /* Release */,
			);
			defaultConfigurationIsVisible = 0;
			defaultConfigurationName = Release;
		};
		0485CD8429804EC90037E50E /* Build configuration list for PBXNativeTarget "module12Tests" */ = {
			isa = XCConfigurationList;
			buildConfigurations = (
				0485CD8529804EC90037E50E /* Debug */,
				0485CD8629804EC90037E50E /* Release */,
			);
			defaultConfigurationIsVisible = 0;
			defaultConfigurationName = Release;
		};
		0485CD8729804EC90037E50E /* Build configuration list for PBXNativeTarget "module12UITests" */ = {
			isa = XCConfigurationList;
			buildConfigurations = (
				0485CD8829804EC90037E50E /* Debug */,
				0485CD8929804EC90037E50E /* Release */,
			);
			defaultConfigurationIsVisible = 0;
			defaultConfigurationName = Release;
		};
/* End XCConfigurationList section */
	};
	rootObject = 0485CD4F29804EC60037E50E /* Project object */;
}
